
Microsoft Visual Studio Solution File, Format Version 12.00
# Visual Studio Version 17
VisualStudioVersion = 17.14.36915.13
MinimumVisualStudioVersion = 10.0.40219.1
Project("{8BC9CEB8-8B4A-11D0-8D11-00A0C91BC942}") = "dx12", "dx12\dx12.vcxproj", "{0DE66C22-6F93-4DEB-A05D-7EC64CE2771F}"
EndProject
Project("{8BC9CEB8-8B4A-11D0-8D11-00A0C91BC942}") = "clear_screen", "samples\clear_screen\clear_screen.vcxproj", "{93C120A0-22D8-4FBE-B794-A473046DBB75}"
	ProjectSection(ProjectDependencies) = postProject
		{0DE66C22-6F93-4DEB-A05D-7EC64CE2771F} = {0DE66C22-6F93-4DEB-A05D-7EC64CE2771F}
	EndProjectSection
EndProject
Project("{2150E333-8FDC-42A3-9474-1A3956D46DE8}") = "samples", "samples", "{02EA681E-C7D8-13C7-8484-4AC65E1B71E8}"
EndProject
Project("{8BC9CEB8-8B4A-11D0-8D11-00A0C91BC942}") = "hello_triangle", "samples\hello_triangle\hello_triangle.vcxproj", "{CCDEC65B-F41D-4EAC-B885-961FF7B4EA0F}"
	ProjectSection(ProjectDependencies) = postProject
		{0DE66C22-6F93-4DEB-A05D-7EC64CE2771F} = {0DE66C22-6F93-4DEB-A05D-7EC64CE2771F}
	EndProjectSection
EndProject
Project("{8BC9CEB8-8B4A-11D0-8D11-00A0C91BC942}") = "cube", "samples\cube\cube.vcxproj", "{2036737C-4A62-4FEC-8065-ADD3AF3C3863}"
	ProjectSection(ProjectDependencies) = postProject
		{0DE66C22-6F93-4DEB-A05D-7EC64CE2771F} = {0DE66C22-6F93-4DEB-A05D-7EC64CE2771F}
	EndProjectSection
EndProject
Global
	GlobalSection(SolutionConfigurationPlatforms) = preSolution
		Debug|x64 = Debug|x64
		Release|x64 = Release|x64
	EndGlobalSection
	GlobalSection(ProjectConfigurationPlatforms) = postSolution
		{0DE66C22-6F93-4DEB-A05D-7EC64CE2771F}.Debug|x64.ActiveCfg = Debug|x64
		{0DE66C22-6F93-4DEB-A05D-7EC64CE2771F}.Debug|x64.Build.0 = Debug|x64
		{0DE66C22-6F93-4DEB-A05D-7EC64CE2771F}.Release|x64.ActiveCfg = Release|x64
		{0DE66C22-6F93-4DEB-A05D-7EC64CE2771F}.Release|x64.Build.0 = Release|x64
		{93C120A0-22D8-4FBE-B794-A473046DBB75}.Debug|x64.ActiveCfg = Debug|x64
		{93C120A0-22D8-4FBE-B794-A473046DBB75}.Debug|x64.Build.0 = Debug|x64
		{93C120A0-22D8-4FBE-B794-A473046DBB75}.Release|x64.ActiveCfg = Release|x64
		{93C120A0-22D8-4FBE-B794-A473046DBB75}.Release|x64.Build.0 = Release|x64
		{CCDEC65B-F41D-4EAC-B885-961FF7B4EA0F}.Debug|x64.ActiveCfg = Debug|x64
		{CCDEC65B-F41D-4EAC-B885-961FF7B4EA0F}.Debug|x64.Build.0 = Debug|x64
		{CCDEC65B-F41D-4EAC-B885-961FF7B4EA0F}.Release|x64.ActiveCfg = Release|x64
		{CCDEC65B-F41D-4EAC-B885-961FF7B4EA0F}.Release|x64.Build.0 = Release|x64
		{2036737C-4A62-4FEC-8065-ADD3AF3C3863}.Debug|x64.ActiveCfg = Debug|x64
		{2036737C-4A62-4FEC-8065-ADD3AF3C3863}.Debug|x64.Build.0 = Debug|x64
		{2036737C-4A62-4FEC-8065-ADD3AF3C3863}.Release|x64.ActiveCfg = Release|x64
		{2036737C-4A62-4FEC-8065-ADD3AF3C3863}.Release|x64.Build.0 = Release|x64
	EndGlobalSection
	GlobalSection(SolutionProperties) = preSolution
		HideSolutionNode = FALSE
	EndGlobalSection
	GlobalSection(NestedProjects) = preSolution
		{93C120A0-22D8-4FBE-B794-A473046DBB75} = {02EA681E-C7D8-13C7-8484-4AC65E1B71E8}
		{CCDEC65B-F41D-4EAC-B885-961FF7B4EA0F} = {02EA681E-C7D8-13C7-8484-4AC65E1B71E8}
		{2036737C-4A62-4FEC-8065-ADD3AF3C3863} = {02EA681E-C7D8-13C7-8484-4AC65E1B71E8}
	EndGlobalSection
	GlobalSection(ExtensibilityGlobals) = postSolution
		SolutionGuid = {6AF99C9B-5CFD-4D86-A838-E5128EB2415D}
	EndGlobalSection
EndGlobal
